// !$*UTF8*$!
{
	archiveVersion = 1;
	classes = {
	};
	objectVersion = 77;
	objects = {

/* Begin PBXBuildFile section */
		27B727612FC066A900AD4A8B /* DogmaEngine.xcframework in Frameworks */ = {isa = PBXBuildFile; fileRef = 27B727602FC066A900AD4A8B /* DogmaEngine.xcframework */; };
		27C539C12FA0EF4C001D7F9A /* Sparkle in Frameworks */ = {isa = PBXBuildFile; productRef = 27C539C02FA0EF4C001D7F9A /* Sparkle */; };
/* End PBXBuildFile section */

/* Begin PBXContainerItemProxy section */
		278124432F83D04E009A0B10 /* PBXContainerItemProxy */ = {
			isa = PBXContainerItemProxy;
			containerPortal = 2781242B2F83D04D009A0B10 /* Project object */;
			proxyType = 1;
			remoteGlobalIDString = 278124322F83D04D009A0B10;
			remoteInfo = EVEOps;
		};
		2781244D2F83D04E009A0B10 /* PBXContainerItemProxy */ = {
			isa = PBXContainerItemProxy;
			containerPortal = 2781242B2F83D04D009A0B10 /* Project object */;
			proxyType = 1;
			remoteGlobalIDString = 278124322F83D04D009A0B10;
			remoteInfo = EVEOps;
		};
/* End PBXContainerItemProxy section */

/* Begin PBXFileReference section */
		278124332F83D04D009A0B10 /* EVEOps.app */ = {isa = PBXFileReference; explicitFileType = wrapper.application; includeInIndex = 0; path = EVEOps.app; sourceTree = BUILT_PRODUCTS_DIR; };
		278124422F83D04E009A0B10 /* EVEOpsTests.xctest */ = {isa = PBXFileReference; explicitFileType = wrapper.cfbundle; includeInIndex = 0; path = EVEOpsTests.xctest; sourceTree = BUILT_PRODUCTS_DIR; };
		2781244C2F83D04E009A0B10 /* EVEOpsUITests.xctest */ = {isa = PBXFileReference; explicitFileType = wrapper.cfbundle; includeInIndex = 0; path = EVEOpsUITests.xctest; sourceTree = BUILT_PRODUCTS_DIR; };
		27B727602FC066A900AD4A8B /* DogmaEngine.xcframework */ = {isa = PBXFileReference; lastKnownFileType = wrapper.xcframework; name = DogmaEngine.xcframework; path = "../dogma-engine/DogmaEngine.xcframework"; sourceTree = "<group>"; };
		27B727642FC066E600AD4A8B /* EVEOps-Bridging-Header.h */ = {isa = PBXFileReference; lastKnownFileType = sourcecode.c.h; path = "EVEOps-Bridging-Header.h"; sourceTree = "<group>"; };
/* End PBXFileReference section */

/* Begin PBXFileSystemSynchronizedBuildFileExceptionSet section */
		27B52BAF2F88075400A3264D /* Exceptions for "EVEOps" folder in "EVEOps" target */ = {
			isa = PBXFileSystemSynchronizedBuildFileExceptionSet;
			membershipExceptions = (
				Info.plist,
			);
			target = 278124322F83D04D009A0B10 /* EVEOps */;
		};
/* End PBXFileSystemSynchronizedBuildFileExceptionSet section */

/* Begin PBXFileSystemSynchronizedRootGroup section */
		275AE3BE2F8AD01D0072D078 /* Screenshots */ = {
			isa = PBXFileSystemSynchronizedRootGroup;
			path = Screenshots;
			sourceTree = "<group>";
		};
		275BB5812FC3AD3800496909 /* Extensions */ = {
			isa = PBXFileSystemSynchronizedRootGroup;
			path = Extensions;
			sourceTree = "<group>";
		};
		278124352F83D04D009A0B10 /* EVEOps */ = {
			isa = PBXFileSystemSynchronizedRootGroup;
			exceptions = (
				27B52BAF2F88075400A3264D /* Exceptions for "EVEOps" folder in "EVEOps" target */,
			);
			path = EVEOps;
			sourceTree = "<group>";
		};
		278124452F83D04E009A0B10 /* EVEOpsTests */ = {
			isa = PBXFileSystemSynchronizedRootGroup;
			path = EVEOpsTests;
			sourceTree = "<group>";
		};
		2781244F2F83D04E009A0B10 /* EVEOpsUITests */ = {
			isa = PBXFileSystemSynchronizedRootGroup;
			path = EVEOpsUITests;
			sourceTree = "<group>";
		};
/* End PBXFileSystemSynchronizedRootGroup section */

/* Begin PBXFrameworksBuildPhase section */
		278124302F83D04D009A0B10 /* Frameworks */ = {
			isa = PBXFrameworksBuildPhase;
			buildActionMask = 2147483647;
			files = (
				27B727612FC066A900AD4A8B /* DogmaEngine.xcframework in Frameworks */,
				27C539C12FA0EF4C001D7F9A /* Sparkle in Frameworks */,
			);
			runOnlyForDeploymentPostprocessing = 0;
		};
		2781243F2F83D04E009A0B10 /* Frameworks */ = {
			isa = PBXFrameworksBuildPhase;
			buildActionMask = 2147483647;
			files = (
			);
			runOnlyForDeploymentPostprocessing = 0;
		};
		278124492F83D04E009A0B10 /* Frameworks */ = {
			isa = PBXFrameworksBuildPhase;
			buildActionMask = 2147483647;
			files = (
			);
			runOnlyForDeploymentPostprocessing = 0;
		};
/* End PBXFrameworksBuildPhase section */

/* Begin PBXGroup section */
		2781242A2F83D04D009A0B10 = {
			isa = PBXGroup;
			children = (
				275BB5812FC3AD3800496909 /* Extensions */,
				27B727642FC066E600AD4A8B /* EVEOps-Bridging-Header.h */,
				275AE3BE2F8AD01D0072D078 /* Screenshots */,
				278124352F83D04D009A0B10 /* EVEOps */,
				278124452F83D04E009A0B10 /* EVEOpsTests */,
				2781244F2F83D04E009A0B10 /* EVEOpsUITests */,
				27C539BF2FA0EF4C001D7F9A /* Frameworks */,
				278124342F83D04D009A0B10 /* Products */,
			);
			sourceTree = "<group>";
		};
		278124342F83D04D009A0B10 /* Products */ = {
			isa = PBXGroup;
			children = (
				278124332F83D04D009A0B10 /* EVEOps.app */,
				278124422F83D04E009A0B10 /* EVEOpsTests.xctest */,
				2781244C2F83D04E009A0B10 /* EVEOpsUITests.xctest */,
			);
			name = Products;
			sourceTree = "<group>";
		};
		27C539BF2FA0EF4C001D7F9A /* Frameworks */ = {
			isa = PBXGroup;
			children = (
				27B727602FC066A900AD4A8B /* DogmaEngine.xcframework */,
			);
			name = Frameworks;
			sourceTree = "<group>";
		};
/* End PBXGroup section */

/* Begin PBXNativeTarget section */
		278124322F83D04D009A0B10 /* EVEOps */ = {
			isa = PBXNativeTarget;
			buildConfigurationList = 278124562F83D04E009A0B10 /* Build configuration list for PBXNativeTarget "EVEOps" */;
			buildPhases = (
				2781242F2F83D04D009A0B10 /* Sources */,
				278124302F83D04D009A0B10 /* Frameworks */,
				278124312F83D04D009A0B10 /* Resources */,
				27C53B382FA217F9001D7F9A /* ShellScript */,
			);
			buildRules = (
			);
			dependencies = (
			);
			fileSystemSynchronizedGroups = (
				275AE3BE2F8AD01D0072D078 /* Screenshots */,
				275BB5812FC3AD3800496909 /* Extensions */,
				278124352F83D04D009A0B10 /* EVEOps */,
			);
			name = EVEOps;
			packageProductDependencies = (
				27C539C02FA0EF4C001D7F9A /* Sparkle */,
			);
			productName = EVEOps;
			productReference = 278124332F83D04D009A0B10 /* EVEOps.app */;
			productType = "com.apple.product-type.application";
		};
		278124412F83D04E009A0B10 /* EVEOpsTests */ = {
			isa = PBXNativeTarget;
			buildConfigurationList = 278124592F83D04E009A0B10 /* Build configuration list for PBXNativeTarget "EVEOpsTests" */;
			buildPhases = (
				2781243E2F83D04E009A0B10 /* Sources */,
				2781243F2F83D04E009A0B10 /* Frameworks */,
				278124402F83D04E009A0B10 /* Resources */,
			);
			buildRules = (
			);
			dependencies = (
				278124442F83D04E009A0B10 /* PBXTargetDependency */,
			);
			fileSystemSynchronizedGroups = (
				278124452F83D04E009A0B10 /* EVEOpsTests */,
			);
			name = EVEOpsTests;
			packageProductDependencies = (
			);
			productName = EVEOpsTests;
			productReference = 278124422F83D04E009A0B10 /* EVEOpsTests.xctest */;
			productType = "com.apple.product-type.bundle.unit-test";
		};
		2781244B2F83D04E009A0B10 /* EVEOpsUITests */ = {
			isa = PBXNativeTarget;
			buildConfigurationList = 2781245C2F83D04E009A0B10 /* Build configuration list for PBXNativeTarget "EVEOpsUITests" */;
			buildPhases = (
				278124482F83D04E009A0B10 /* Sources */,
				278124492F83D04E009A0B10 /* Frameworks */,
				2781244A2F83D04E009A0B10 /* Resources */,
			);
			buildRules = (
			);
			dependencies = (
				2781244E2F83D04E009A0B10 /* PBXTargetDependency */,
			);
			fileSystemSynchronizedGroups = (
				2781244F2F83D04E009A0B10 /* EVEOpsUITests */,
			);
			name = EVEOpsUITests;
			packageProductDependencies = (
			);
			productName = EVEOpsUITests;
			productReference = 2781244C2F83D04E009A0B10 /* EVEOpsUITests.xctest */;
			productType = "com.apple.product-type.bundle.ui-testing";
		};
/* End PBXNativeTarget section */

/* Begin PBXProject section */
		2781242B2F83D04D009A0B10 /* Project object */ = {
			isa = PBXProject;
			attributes = {
				BuildIndependentTargetsInParallel = 1;
				LastSwiftUpdateCheck = 2650;
				LastUpgradeCheck = 2650;
				TargetAttributes = {
					278124322F83D04D009A0B10 = {
						CreatedOnToolsVersion = 26.5;
					};
					278124412F83D04E009A0B10 = {
						CreatedOnToolsVersion = 26.5;
						TestTargetID = 278124322F83D04D009A0B10;
					};
					2781244B2F83D04E009A0B10 = {
						CreatedOnToolsVersion = 26.5;
						TestTargetID = 278124322F83D04D009A0B10;
					};
				};
			};
			buildConfigurationList = 2781242E2F83D04D009A0B10 /* Build configuration list for PBXProject "EVEOps" */;
			developmentRegion = en;
			hasScannedForEncodings = 0;
			knownRegions = (
				en,
				Base,
			);
			mainGroup = 2781242A2F83D04D009A0B10;
			minimizedProjectReferenceProxies = 1;
			packageReferences = (
				27C539BE2FA0EF08001D7F9A /* XCRemoteSwiftPackageReference "Sparkle" */,
			);
			preferredProjectObjectVersion = 77;
			productRefGroup = 278124342F83D04D009A0B10 /* Products */;
			projectDirPath = "";
			projectRoot = "";
			targets = (
				278124322F83D04D009A0B10 /* EVEOps */,
				278124412F83D04E009A0B10 /* EVEOpsTests */,
				2781244B2F83D04E009A0B10 /* EVEOpsUITests */,
			);
		};
/* End PBXProject section */

/* Begin PBXResourcesBuildPhase section */
		278124312F83D04D009A0B10 /* Resources */ = {
			isa = PBXResourcesBuildPhase;
			buildActionMask = 2147483647;
			files = (
			);
			runOnlyForDeploymentPostprocessing = 0;
		};
		278124402F83D04E009A0B10 /* Resources */ = {
			isa = PBXResourcesBuildPhase;
			buildActionMask = 2147483647;
			files = (
			);
			runOnlyForDeploymentPostprocessing = 0;
		};
		2781244A2F83D04E009A0B10 /* Resources */ = {
			isa = PBXResourcesBuildPhase;
			buildActionMask = 2147483647;
			files = (
			);
			runOnlyForDeploymentPostprocessing = 0;
		};
/* End PBXResourcesBuildPhase section */

/* Begin PBXShellScriptBuildPhase section */
		27C53B382FA217F9001D7F9A /* ShellScript */ = {
			isa = PBXShellScriptBuildPhase;
			alwaysOutOfDate = 1;
			buildActionMask = 2147483647;
			files = (
			);
			inputFileListPaths = (
			);
			inputPaths = (
			);
			outputFileListPaths = (
			);
			outputPaths = (
			);
			runOnlyForDeploymentPostprocessing = 0;
			shellPath = /bin/sh;
			shellScript = "SPARKLE=\"${BUILT_PRODUCTS_DIR}/${FRAMEWORKS_FOLDER_PATH}/Sparkle.framework\"\n\nif [[ -d \"${SPARKLE}\" && \"${CODE_SIGNING_ALLOWED}\" == \"YES\" && \"${CONFIGURATION}\" != \"Release\" ]]; then\n    codesign --force --sign \"${EXPANDED_CODE_SIGN_IDENTITY}\" --preserve-metadata=entitlements --timestamp=none \"${SPARKLE}/Versions/B/XPCServices/Downloader.xpc\"\n    codesign --force --sign \"${EXPANDED_CODE_SIGN_IDENTITY}\" --preserve-metadata=entitlements --timestamp=none \"${SPARKLE}/Versions/B/XPCServices/Installer.xpc\"\n    codesign --force --sign \"${EXPANDED_CODE_SIGN_IDENTITY}\" --preserve-metadata=entitlements --timestamp=none \"${SPARKLE}/Versions/B/Updater.app\"\n    codesign --force --sign \"${EXPANDED_CODE_SIGN_IDENTITY}\" --preserve-metadata=entitlements --timestamp=none \"${SPARKLE}\"\nfi\n";
		};
/* End PBXShellScriptBuildPhase section */

/* Begin PBXSourcesBuildPhase section */
		2781242F2F83D04D009A0B10 /* Sources */ = {
			isa = PBXSourcesBuildPhase;
			buildActionMask = 2147483647;
			files = (
			);
			runOnlyForDeploymentPostprocessing = 0;
		};
		2781243E2F83D04E009A0B10 /* Sources */ = {
			isa = PBXSourcesBuildPhase;
			buildActionMask = 2147483647;
			files = (
			);
			runOnlyForDeploymentPostprocessing = 0;
		};
		278124482F83D04E009A0B10 /* Sources */ = {
			isa = PBXSourcesBuildPhase;
			buildActionMask = 2147483647;
			files = (
			);
			runOnlyForDeploymentPostprocessing = 0;
		};
/* End PBXSourcesBuildPhase section */

/* Begin PBXTargetDependency section */
		278124442F83D04E009A0B10 /* PBXTargetDependency */ = {
			isa = PBXTargetDependency;
			target = 278124322F83D04D009A0B10 /* EVEOps */;
			targetProxy = 278124432F83D04E009A0B10 /* PBXContainerItemProxy */;
		};
		2781244E2F83D04E009A0B10 /* PBXTargetDependency */ = {
			isa = PBXTargetDependency;
			target = 278124322F83D04D009A0B10 /* EVEOps */;
			targetProxy = 2781244D2F83D04E009A0B10 /* PBXContainerItemProxy */;
		};
/* End PBXTargetDependency section */

/* Begin XCBuildConfiguration section */
		278124542F83D04E009A0B10 /* Debug */ = {
			isa = XCBuildConfiguration;
			buildSettings = {
				ALWAYS_SEARCH_USER_PATHS = NO;
				ASSETCATALOG_COMPILER_GENERATE_SWIFT_ASSET_SYMBOL_EXTENSIONS = YES;
				CLANG_ANALYZER_NONNULL = YES;
				CLANG_ANALYZER_NUMBER_OBJECT_CONVERSION = YES_AGGRESSIVE;
				CLANG_CXX_LANGUAGE_STANDARD = "gnu++20";
				CLANG_ENABLE_MODULES = YES;
				CLANG_ENABLE_OBJC_ARC = YES;
				CLANG_ENABLE_OBJC_WEAK = YES;
				CLANG_WARN_BLOCK_CAPTURE_AUTORELEASING = YES;
				CLANG_WARN_BOOL_CONVERSION = YES;
				CLANG_WARN_COMMA = YES;
				CLANG_WARN_CONSTANT_CONVERSION = YES;
				CLANG_WARN_DEPRECATED_OBJC_IMPLEMENTATIONS = YES;
				CLANG_WARN_DIRECT_OBJC_ISA_USAGE = YES_ERROR;
				CLANG_WARN_DOCUMENTATION_COMMENTS = YES;
				CLANG_WARN_EMPTY_BODY = YES;
				CLANG_WARN_ENUM_CONVERSION = YES;
				CLANG_WARN_INFINITE_RECURSION = YES;
				CLANG_WARN_INT_CONVERSION = YES;
				CLANG_WARN_NON_LITERAL_NULL_CONVERSION = YES;
				CLANG_WARN_OBJC_IMPLICIT_RETAIN_SELF = YES;
				CLANG_WARN_OBJC_LITERAL_CONVERSION = YES;
				CLANG_WARN_OBJC_ROOT_CLASS = YES_ERROR;
				CLANG_WARN_QUOTED_INCLUDE_IN_FRAMEWORK_HEADER = YES;
				CLANG_WARN_RANGE_LOOP_ANALYSIS = YES;
				CLANG_WARN_STRICT_PROTOTYPES = YES;
				CLANG_WARN_SUSPICIOUS_MOVE = YES;
				CLANG_WARN_UNGUARDED_AVAILABILITY = YES_AGGRESSIVE;
				CLANG_WARN_UNREACHABLE_CODE = YES;
				CLANG_WARN__DUPLICATE_METHOD_MATCH = YES;
				COPY_PHASE_STRIP = NO;
				DEBUG_INFORMATION_FORMAT = dwarf;
				DEVELOPMENT_TEAM = 3ETXMLGRJN;
				ENABLE_STRICT_OBJC_MSGSEND = YES;
				ENABLE_TESTABILITY = YES;
				ENABLE_USER_SCRIPT_SANDBOXING = YES;
				GCC_C_LANGUAGE_STANDARD = gnu17;
				GCC_DYNAMIC_NO_PIC = NO;
				GCC_NO_COMMON_BLOCKS = YES;
				GCC_OPTIMIZATION_LEVEL = 0;
				GCC_PREPROCESSOR_DEFINITIONS = (
					"DEBUG=1",
					"$(inherited)",
				);
				GCC_WARN_64_TO_32_BIT_CONVERSION = YES;
				GCC_WARN_ABOUT_RETURN_TYPE = YES_ERROR;
				GCC_WARN_UNDECLARED_SELECTOR = YES;
				GCC_WARN_UNINITIALIZED_AUTOS = YES_AGGRESSIVE;
				GCC_WARN_UNUSED_FUNCTION = YES;
				GCC_WARN_UNUSED_VARIABLE = YES;
				LOCALIZATION_PREFERS_STRING_CATALOGS = YES;
				MACOSX_DEPLOYMENT_TARGET = 26.5;
				MTL_ENABLE_DEBUG_INFO = INCLUDE_SOURCE;
				MTL_FAST_MATH = YES;
				ONLY_ACTIVE_ARCH = YES;
				SDKROOT = macosx;
				SWIFT_ACTIVE_COMPILATION_CONDITIONS = "DEBUG $(inherited)";
				SWIFT_OPTIMIZATION_LEVEL = "-Onone";
			};
			name = Debug;
		};
		278124552F83D04E009A0B10 /* Release */ = {
			isa = XCBuildConfiguration;
			buildSettings = {
				ALWAYS_SEARCH_USER_PATHS = NO;
				ASSETCATALOG_COMPILER_GENERATE_SWIFT_ASSET_SYMBOL_EXTENSIONS = YES;
				CLANG_ANALYZER_NONNULL = YES;
				CLANG_ANALYZER_NUMBER_OBJECT_CONVERSION = YES_AGGRESSIVE;
				CLANG_CXX_LANGUAGE_STANDARD = "gnu++20";
				CLANG_ENABLE_MODULES = YES;
				CLANG_ENABLE_OBJC_ARC = YES;
				CLANG_ENABLE_OBJC_WEAK = YES;
				CLANG_WARN_BLOCK_CAPTURE_AUTORELEASING = YES;
				CLANG_WARN_BOOL_CONVERSION = YES;
				CLANG_WARN_COMMA = YES;
				CLANG_WARN_CONSTANT_CONVERSION = YES;
				CLANG_WARN_DEPRECATED_OBJC_IMPLEMENTATIONS = YES;
				CLANG_WARN_DIRECT_OBJC_ISA_USAGE = YES_ERROR;
				CLANG_WARN_DOCUMENTATION_COMMENTS = YES;
				CLANG_WARN_EMPTY_BODY = YES;
				CLANG_WARN_ENUM_CONVERSION = YES;
				CLANG_WARN_INFINITE_RECURSION = YES;
				CLANG_WARN_INT_CONVERSION = YES;
				CLANG_WARN_NON_LITERAL_NULL_CONVERSION = YES;
				CLANG_WARN_OBJC_IMPLICIT_RETAIN_SELF = YES;
				CLANG_WARN_OBJC_LITERAL_CONVERSION = YES;
				CLANG_WARN_OBJC_ROOT_CLASS = YES_ERROR;
				CLANG_WARN_QUOTED_INCLUDE_IN_FRAMEWORK_HEADER = YES;
				CLANG_WARN_RANGE_LOOP_ANALYSIS = YES;
				CLANG_WARN_STRICT_PROTOTYPES = YES;
				CLANG_WARN_SUSPICIOUS_MOVE = YES;
				CLANG_WARN_UNGUARDED_AVAILABILITY = YES_AGGRESSIVE;
				CLANG_WARN_UNREACHABLE_CODE = YES;
				CLANG_WARN__DUPLICATE_METHOD_MATCH = YES;
				COPY_PHASE_STRIP = NO;
				DEBUG_INFORMATION_FORMAT = "dwarf-with-dsym";
				DEVELOPMENT_TEAM = 3ETXMLGRJN;
				ENABLE_NS_ASSERTIONS = NO;
				ENABLE_STRICT_OBJC_MSGSEND = YES;
				ENABLE_USER_SCRIPT_SANDBOXING = YES;
				GCC_C_LANGUAGE_STANDARD = gnu17;
				GCC_NO_COMMON_BLOCKS = YES;
				GCC_WARN_64_TO_32_BIT_CONVERSION = YES;
				GCC_WARN_ABOUT_RETURN_TYPE = YES_ERROR;
				GCC_WARN_UNDECLARED_SELECTOR = YES;
				GCC_WARN_UNINITIALIZED_AUTOS = YES_AGGRESSIVE;
				GCC_WARN_UNUSED_FUNCTION = YES;
				GCC_WARN_UNUSED_VARIABLE = YES;
				LOCALIZATION_PREFERS_STRING_CATALOGS = YES;
				MACOSX_DEPLOYMENT_TARGET = 26.5;
				MTL_ENABLE_DEBUG_INFO = NO;
				MTL_FAST_MATH = YES;
				SDKROOT = macosx;
				SWIFT_COMPILATION_MODE = wholemodule;
			};
			name = Release;
		};
		278124572F83D04E009A0B10 /* Debug */ = {
			isa = XCBuildConfiguration;
			buildSettings = {
				ASSETCATALOG_COMPILER_APPICON_NAME = AppIcon;
				ASSETCATALOG_COMPILER_GLOBAL_ACCENT_COLOR_NAME = AccentColor;
				CODE_SIGN_ENTITLEMENTS = EVEOps/EVEOps/EVEOps.entitlements;
				CODE_SIGN_STYLE = Automatic;
				COMBINE_HIDPI_IMAGES = YES;
				CURRENT_PROJECT_VERSION = 37;
				DEVELOPMENT_TEAM = 3ETXMLGRJN;
				ENABLE_APP_SANDBOX = YES;
				ENABLE_HARDENED_RUNTIME = YES;
				ENABLE_INCOMING_NETWORK_CONNECTIONS = NO;
				ENABLE_OUTGOING_NETWORK_CONNECTIONS = YES;
				ENABLE_PREVIEWS = YES;
				ENABLE_RESOURCE_ACCESS_AUDIO_INPUT = NO;
				ENABLE_RESOURCE_ACCESS_BLUETOOTH = NO;
				ENABLE_RESOURCE_ACCESS_CALENDARS = NO;
				ENABLE_RESOURCE_ACCESS_CAMERA = NO;
				ENABLE_RESOURCE_ACCESS_CONTACTS = NO;
				ENABLE_RESOURCE_ACCESS_LOCATION = NO;
				ENABLE_RESOURCE_ACCESS_PRINTING = NO;
				ENABLE_RESOURCE_ACCESS_USB = NO;
				ENABLE_USER_SCRIPT_SANDBOXING = NO;
				ENABLE_USER_SELECTED_FILES = readonly;
				GENERATE_INFOPLIST_FILE = YES;
				INFOPLIST_FILE = EVEOps/Info.plist;
				INFOPLIST_KEY_CFBundleDisplayName = EVEOps;
				INFOPLIST_KEY_LSApplicationCategoryType = "public.app-category.utilities";
				INFOPLIST_KEY_LSUIElement = YES;
				INFOPLIST_KEY_NSHumanReadableCopyright = "";
				LD_RUNPATH_SEARCH_PATHS = (
					"$(inherited)",
					"@executable_path/../Frameworks",
				);
				MACOSX_DEPLOYMENT_TARGET = 26.0;
				MARKETING_VERSION = 0.9.8.4;
				PRODUCT_BUNDLE_IDENTIFIER = CitizenCoder.EVEOps;
				PRODUCT_NAME = "$(TARGET_NAME)";
				REGISTER_APP_GROUPS = YES;
				STRING_CATALOG_GENERATE_SYMBOLS = YES;
				SWIFT_APPROACHABLE_CONCURRENCY = YES;
				SWIFT_DEFAULT_ACTOR_ISOLATION = MainActor;
				SWIFT_EMIT_LOC_STRINGS = YES;
				SWIFT_OBJC_BRIDGING_HEADER = "EVEOps-Bridging-Header.h";
				SWIFT_UPCOMING_FEATURE_MEMBER_IMPORT_VISIBILITY = YES;
				SWIFT_VERSION = 5.0;
			};
			name = Debug;
		};
		278124582F83D04E009A0B10 /* Release */ = {
			isa = XCBuildConfiguration;
			buildSettings = {
				ASSETCATALOG_COMPILER_APPICON_NAME = AppIcon;
				ASSETCATALOG_COMPILER_GLOBAL_ACCENT_COLOR_NAME = AccentColor;
				CODE_SIGN_ENTITLEMENTS = EVEOps/EVEOps/EVEOps.entitlements;
				CODE_SIGN_STYLE = Automatic;
				COMBINE_HIDPI_IMAGES = YES;
				CURRENT_PROJECT_VERSION = 37;
				DEVELOPMENT_TEAM = 3ETXMLGRJN;
				ENABLE_APP_SANDBOX = YES;
				ENABLE_HARDENED_RUNTIME = YES;
				ENABLE_INCOMING_NETWORK_CONNECTIONS = NO;
				ENABLE_OUTGOING_NETWORK_CONNECTIONS = YES;
				ENABLE_PREVIEWS = YES;
				ENABLE_RESOURCE_ACCESS_AUDIO_INPUT = NO;
				ENABLE_RESOURCE_ACCESS_BLUETOOTH = NO;
				ENABLE_RESOURCE_ACCESS_CALENDARS = NO;
				ENABLE_RESOURCE_ACCESS_CAMERA = NO;
				ENABLE_RESOURCE_ACCESS_CONTACTS = NO;
				ENABLE_RESOURCE_ACCESS_LOCATION = NO;
				ENABLE_RESOURCE_ACCESS_PRINTING = NO;
				ENABLE_RESOURCE_ACCESS_USB = NO;
				ENABLE_USER_SCRIPT_SANDBOXING = NO;
				ENABLE_USER_SELECTED_FILES = readonly;
				GENERATE_INFOPLIST_FILE = YES;
				INFOPLIST_FILE = EVEOps/Info.plist;
				INFOPLIST_KEY_CFBundleDisplayName = EVEOps;
				INFOPLIST_KEY_LSApplicationCategoryType = "public.app-category.utilities";
				INFOPLIST_KEY_LSUIElement = YES;
				INFOPLIST_KEY_NSHumanReadableCopyright = "";
				LD_RUNPATH_SEARCH_PATHS = (
					"$(inherited)",
					"@executable_path/../Frameworks",
				);
				MACOSX_DEPLOYMENT_TARGET = 26.0;
				MARKETING_VERSION = 0.9.8.4;
				PRODUCT_BUNDLE_IDENTIFIER = CitizenCoder.EVEOps;
				PRODUCT_NAME = "$(TARGET_NAME)";
				REGISTER_APP_GROUPS = YES;
				STRING_CATALOG_GENERATE_SYMBOLS = YES;
				SWIFT_APPROACHABLE_CONCURRENCY = YES;
				SWIFT_DEFAULT_ACTOR_ISOLATION = MainActor;
				SWIFT_EMIT_LOC_STRINGS = YES;
				SWIFT_OBJC_BRIDGING_HEADER = "EVEOps-Bridging-Header.h";
				SWIFT_UPCOMING_FEATURE_MEMBER_IMPORT_VISIBILITY = YES;
				SWIFT_VERSION = 5.0;
			};
			name = Release;
		};
		2781245A2F83D04E009A0B10 /* Debug */ = {
			isa = XCBuildConfiguration;
			buildSettings = {
				BUNDLE_LOADER = "$(TEST_HOST)";
				CODE_SIGN_STYLE = Automatic;
				CURRENT_PROJECT_VERSION = 37;
				DEVELOPMENT_TEAM = 3ETXMLGRJN;
				GENERATE_INFOPLIST_FILE = YES;
				MACOSX_DEPLOYMENT_TARGET = 26.5;
				MARKETING_VERSION = 0.9.8.4;
				PRODUCT_BUNDLE_IDENTIFIER = CitizenCoder.EVEOpsTests;
				PRODUCT_NAME = "$(TARGET_NAME)";
				STRING_CATALOG_GENERATE_SYMBOLS = NO;
				SWIFT_APPROACHABLE_CONCURRENCY = YES;
				SWIFT_EMIT_LOC_STRINGS = NO;
				SWIFT_UPCOMING_FEATURE_MEMBER_IMPORT_VISIBILITY = YES;
				SWIFT_VERSION = 5.0;
				TEST_HOST = "$(BUILT_PRODUCTS_DIR)/EVEOps.app/$(BUNDLE_EXECUTABLE_FOLDER_PATH)/EVEOps";
			};
			name = Debug;
		};
		2781245B2F83D04E009A0B10 /* Release */ = {
			isa = XCBuildConfiguration;
			buildSettings = {
				BUNDLE_LOADER = "$(TEST_HOST)";
				CODE_SIGN_STYLE = Automatic;
				CURRENT_PROJECT_VERSION = 37;
				DEVELOPMENT_TEAM = 3ETXMLGRJN;
				GENERATE_INFOPLIST_FILE = YES;
				MACOSX_DEPLOYMENT_TARGET = 26.5;
				MARKETING_VERSION = 0.9.8.4;
				PRODUCT_BUNDLE_IDENTIFIER = CitizenCoder.EVEOpsTests;
				PRODUCT_NAME = "$(TARGET_NAME)";
				STRING_CATALOG_GENERATE_SYMBOLS = NO;
				SWIFT_APPROACHABLE_CONCURRENCY = YES;
				SWIFT_EMIT_LOC_STRINGS = NO;
				SWIFT_UPCOMING_FEATURE_MEMBER_IMPORT_VISIBILITY = YES;
				SWIFT_VERSION = 5.0;
				TEST_HOST = "$(BUILT_PRODUCTS_DIR)/EVEOps.app/$(BUNDLE_EXECUTABLE_FOLDER_PATH)/EVEOps";
			};
			name = Release;
		};
		2781245D2F83D04E009A0B10 /* Debug */ = {
			isa = XCBuildConfiguration;
			buildSettings = {
				CODE_SIGN_STYLE = Automatic;
				CURRENT_PROJECT_VERSION = 37;
				DEVELOPMENT_TEAM = 3ETXMLGRJN;
				GENERATE_INFOPLIST_FILE = YES;
				MARKETING_VERSION = 0.9.8.4;
				PRODUCT_BUNDLE_IDENTIFIER = CitizenCoder.EVEOpsUITests;
				PRODUCT_NAME = "$(TARGET_NAME)";
				STRING_CATALOG_GENERATE_SYMBOLS = NO;
				SWIFT_APPROACHABLE_CONCURRENCY = YES;
				SWIFT_EMIT_LOC_STRINGS = NO;
				SWIFT_UPCOMING_FEATURE_MEMBER_IMPORT_VISIBILITY = YES;
				SWIFT_VERSION = 5.0;
				TEST_TARGET_NAME = EVEOps;
			};
			name = Debug;
		};
		2781245E2F83D04E009A0B10 /* Release */ = {
			isa = XCBuildConfiguration;
			buildSettings = {
				CODE_SIGN_STYLE = Automatic;
				CURRENT_PROJECT_VERSION = 37;
				DEVELOPMENT_TEAM = 3ETXMLGRJN;
				GENERATE_INFOPLIST_FILE = YES;
				MARKETING_VERSION = 0.9.8.4;
				PRODUCT_BUNDLE_IDENTIFIER = CitizenCoder.EVEOpsUITests;
				PRODUCT_NAME = "$(TARGET_NAME)";
				STRING_CATALOG_GENERATE_SYMBOLS = NO;
				SWIFT_APPROACHABLE_CONCURRENCY = YES;
				SWIFT_EMIT_LOC_STRINGS = NO;
				SWIFT_UPCOMING_FEATURE_MEMBER_IMPORT_VISIBILITY = YES;
				SWIFT_VERSION = 5.0;
				TEST_TARGET_NAME = EVEOps;
			};
			name = Release;
		};
/* End XCBuildConfiguration section */

/* Begin XCConfigurationList section */
		2781242E2F83D04D009A0B10 /* Build configuration list for PBXProject "EVEOps" */ = {
			isa = XCConfigurationList;
			buildConfigurations = (
				278124542F83D04E009A0B10 /* Debug */,
				278124552F83D04E009A0B10 /* Release */,
			);
			defaultConfigurationIsVisible = 0;
			defaultConfigurationName = Release;
		};
		278124562F83D04E009A0B10 /* Build configuration list for PBXNativeTarget "EVEOps" */ = {
			isa = XCConfigurationList;
			buildConfigurations = (
				278124572F83D04E009A0B10 /* Debug */,
				278124582F83D04E009A0B10 /* Release */,
			);
			defaultConfigurationIsVisible = 0;
			defaultConfigurationName = Release;
		};
		278124592F83D04E009A0B10 /* Build configuration list for PBXNativeTarget "EVEOpsTests" */ = {
			isa = XCConfigurationList;
			buildConfigurations = (
				2781245A2F83D04E009A0B10 /* Debug */,
				2781245B2F83D04E009A0B10 /* Release */,
			);
			defaultConfigurationIsVisible = 0;
			defaultConfigurationName = Release;
		};
		2781245C2F83D04E009A0B10 /* Build configuration list for PBXNativeTarget "EVEOpsUITests" */ = {
			isa = XCConfigurationList;
			buildConfigurations = (
				2781245D2F83D04E009A0B10 /* Debug */,
				2781245E2F83D04E009A0B10 /* Release */,
			);
			defaultConfigurationIsVisible = 0;
			defaultConfigurationName = Release;
		};
/* End XCConfigurationList section */

/* Begin XCRemoteSwiftPackageReference section */
		27C539BE2FA0EF08001D7F9A /* XCRemoteSwiftPackageReference "Sparkle" */ = {
			isa = XCRemoteSwiftPackageReference;
			repositoryURL = "https://github.com/sparkle-project/Sparkle";
			requirement = {
				kind = upToNextMajorVersion;
				minimumVersion = 2.9.1;
			};
		};
/* End XCRemoteSwiftPackageReference section */

/* Begin XCSwiftPackageProductDependency section */
		27C539C02FA0EF4C001D7F9A /* Sparkle */ = {
			isa = XCSwiftPackageProductDependency;
			package = 27C539BE2FA0EF08001D7F9A /* XCRemoteSwiftPackageReference "Sparkle" */;
			productName = Sparkle;
		};
/* End XCSwiftPackageProductDependency section */
	};
	rootObject = 2781242B2F83D04D009A0B10 /* Project object */;
}
